{
    "_readme": [
        "This file locks the dependencies of your project to a known state",
        "Read more about it at https://getcomposer.org/doc/01-basic-usage.md#installing-dependencies",
        "This file is @generated automatically"
    ],
    "content-hash": "cddca892f14ece87efe04516be4e78e4",
    "packages": [
        {
            "name": "colinodell/json5",
            "version": "v2.3.0",
            "source": {
                "type": "git",
                "url": "https://github.com/colinodell/json5.git",
                "reference": "15b063f8cb5e6deb15f0cd39123264ec0d19c710"
            },
            "dist": {
                "type": "zip",
                "url": "https://api.github.com/repos/colinodell/json5/zipball/15b063f8cb5e6deb15f0cd39123264ec0d19c710",
                "reference": "15b063f8cb5e6deb15f0cd39123264ec0d19c710",
                "shasum": ""
            },
            "require": {
                "ext-json": "*",
                "ext-mbstring": "*",
                "php": "^7.1.3|^8.0"
            },
            "conflict": {
                "scrutinizer/ocular": "1.7.*"
            },
            "require-dev": {
                "mikehaertl/php-shellcommand": "^1.2.5",
                "phpstan/phpstan": "^1.4",
                "scrutinizer/ocular": "^1.6",
                "squizlabs/php_codesniffer": "^2.3 || ^3.0",
                "symfony/finder": "^4.4|^5.4|^6.0",
                "symfony/phpunit-bridge": "^5.4|^6.0"
            },
            "bin": [
                "bin/json5"
            ],
            "type": "library",
            "extra": {
                "branch-alias": {
                    "dev-main": "3.0-dev"
                }
            },
            "autoload": {
                "files": [
                    "src/global.php"
                ],
                "psr-4": {
                    "ColinODell\\Json5\\": "src"
                }
            },
            "notification-url": "https://packagist.org/downloads/",
            "license": [
                "MIT"
            ],
            "authors": [
                {
                    "name": "Colin O'Dell",
                    "email": "colinodell@gmail.com",
                    "homepage": "https://www.colinodell.com",
                    "role": "Developer"
                }
            ],
            "description": "UTF-8 compatible JSON5 parser for PHP",
            "homepage": "https://github.com/colinodell/json5",
            "keywords": [
                "JSON5",
                "json",
                "json5_decode",
                "json_decode"
            ],
            "support": {
                "issues": "https://github.com/colinodell/json5/issues",
                "source": "https://github.com/colinodell/json5/tree/v2.3.0"
            },
            "funding": [
                {
                    "url": "https://www.colinodell.com/sponsor",
                    "type": "custom"
                },
                {
                    "url": "https://www.paypal.me/colinpodell/10.00",
                    "type": "custom"
                },
                {
                    "url": "https://github.com/colinodell",
                    "type": "github"
                },
                {
                    "url": "https://www.patreon.com/colinodell",
                    "type": "patreon"
                }
            ],
            "time": "2022-12-27T16:44:40+00:00"
        },
        {
            "name": "jtrumbull/xml-parser",
            "version": "v1.0.2",
            "source": {
                "type": "git",
                "url": "https://github.com/jtrumbull/xml-parser.git",
                "reference": "94212d1bfc304ba9ac0a50b14e0a0cf67c877e86"
            },
            "dist": {
                "type": "zip",
                "url": "https://api.github.com/repos/jtrumbull/xml-parser/zipball/94212d1bfc304ba9ac0a50b14e0a0cf67c877e86",
                "reference": "94212d1bfc304ba9ac0a50b14e0a0cf67c877e86",
                "shasum": ""
            },
            "require": {
                "php": ">=5.3.0"
            },
            "type": "library",
            "autoload": {
                "psr-4": {
                    "XMLParser\\": "lib/XMLParser"
                }
            },
            "notification-url": "https://packagist.org/downloads/",
            "license": [
                "MIT"
            ],
            "description": "PHP Class that parses XML objects",
            "support": {
                "issues": "https://github.com/jtrumbull/xml-parser/issues",
                "source": "https://github.com/jtrumbull/xml-parser/tree/v1.0.2"
            },
            "time": "2016-02-04T12:49:48+00:00"
        },
        {
            "name": "shtrihstr/html-serializer",
            "version": "dev-master",
            "source": {
                "type": "git",
                "url": "https://github.com/shtrihstr/html-serializer.git",
                "reference": "0efe76205be259894ea3b3760458ded23868b004"
            },
            "dist": {
                "type": "zip",
                "url": "https://api.github.com/repos/shtrihstr/html-serializer/zipball/0efe76205be259894ea3b3760458ded23868b004",
                "reference": "0efe76205be259894ea3b3760458ded23868b004",
                "shasum": ""
            },
            "require-dev": {
                "phpunit/phpunit": "^5.5"
            },
            "default-branch": true,
            "type": "library",
            "autoload": {
                "psr-4": {
                    "HtmlSerializer\\": "src/"
                }
            },
            "notification-url": "https://packagist.org/downloads/",
            "license": [
                "MIT"
            ],
            "authors": [
                {
                    "name": "Oleksandr Strikha",
                    "email": "alex@strikha.com"
                }
            ],
            "description": "Convert HTML to JSON",
            "support": {
                "issues": "https://github.com/shtrihstr/html-serializer/issues",
                "source": "https://github.com/shtrihstr/html-serializer/tree/master"
            },
            "time": "2016-08-18T12:44:38+00:00"
        }
    ],
    "packages-dev": [],
    "aliases": [],
    "minimum-stability": "stable",
    "stability-flags": {
        "shtrihstr/html-serializer": 20
    },
    "prefer-stable": false,
    "prefer-lowest": false,
    "platform": [],
    "platform-dev": [],
    "plugin-api-version": "2.3.0"
}
